// !$*UTF8*$!
{
	archiveVersion = 1;
	classes = {
	};
	objectVersion = 48;
	objects = {

/* Begin PBXBuildFile section */
		750FA20A1FBCDCDA00A1D89A /* AppDelegate.swift in Sources */ = {isa = PBXBuildFile; fileRef = 750FA2091FBCDCDA00A1D89A /* AppDelegate.swift */; };
		750FA20F1FBCDCDA00A1D89A /* Main.storyboard in Resources */ = {isa = PBXBuildFile; fileRef = 750FA20D1FBCDCDA00A1D89A /* Main.storyboard */; };
		750FA2141FBCDCDA00A1D89A /* LaunchScreen.storyboard in Resources */ = {isa = PBXBuildFile; fileRef = 750FA2121FBCDCDA00A1D89A /* LaunchScreen.storyboard */; };
		750FA21C1FBCDE7B00A1D89A /* HomeViewController.swift in Sources */ = {isa = PBXBuildFile; fileRef = 750FA21B1FBCDE7B00A1D89A /* HomeViewController.swift */; };
		751022F61FC61DD7000009EC /* BenchCollectionViewCell.swift in Sources */ = {isa = PBXBuildFile; fileRef = 751022F41FC61DD7000009EC /* BenchCollectionViewCell.swift */; };
		751022F71FC61DD7000009EC /* BenchCollectionViewCell.xib in Resources */ = {isa = PBXBuildFile; fileRef = 751022F51FC61DD7000009EC /* BenchCollectionViewCell.xib */; };
		75292EC81FD1962000CE5DCC /* Shifts+CoreDataClass.swift in Sources */ = {isa = PBXBuildFile; fileRef = 75292EC21FD1962000CE5DCC /* Shifts+CoreDataClass.swift */; };
		75292EC91FD1962000CE5DCC /* Shifts+CoreDataProperties.swift in Sources */ = {isa = PBXBuildFile; fileRef = 75292EC31FD1962000CE5DCC /* Shifts+CoreDataProperties.swift */; };
		75292ECA1FD1962000CE5DCC /* Games+CoreDataClass.swift in Sources */ = {isa = PBXBuildFile; fileRef = 75292EC41FD1962000CE5DCC /* Games+CoreDataClass.swift */; };
		75292ECB1FD1962000CE5DCC /* Games+CoreDataProperties.swift in Sources */ = {isa = PBXBuildFile; fileRef = 75292EC51FD1962000CE5DCC /* Games+CoreDataProperties.swift */; };
		75292ECC1FD1962000CE5DCC /* Players+CoreDataClass.swift in Sources */ = {isa = PBXBuildFile; fileRef = 75292EC61FD1962000CE5DCC /* Players+CoreDataClass.swift */; };
		75292ECD1FD1962000CE5DCC /* Players+CoreDataProperties.swift in Sources */ = {isa = PBXBuildFile; fileRef = 75292EC71FD1962000CE5DCC /* Players+CoreDataProperties.swift */; };
		75292ECF1FD196FB00CE5DCC /* CoreDataStack.swift in Sources */ = {isa = PBXBuildFile; fileRef = 75292ECE1FD196FB00CE5DCC /* CoreDataStack.swift */; };
		75292F191FD1EE7F00CE5DCC /* Picker.swift in Sources */ = {isa = PBXBuildFile; fileRef = 75292F181FD1EE7F00CE5DCC /* Picker.swift */; };
		75292F1B1FD1F38F00CE5DCC /* PopoverViewController.swift in Sources */ = {isa = PBXBuildFile; fileRef = 75292F1A1FD1F38F00CE5DCC /* PopoverViewController.swift */; };
		75561F9A1FC6415C009079EC /* AddPlayers.swift in Sources */ = {isa = PBXBuildFile; fileRef = 75561F991FC6415C009079EC /* AddPlayers.swift */; };
		7574B3CB1FC8CE7E00CF4214 /* Assets.xcassets in Resources */ = {isa = PBXBuildFile; fileRef = 7574B3CA1FC8CE7E00CF4214 /* Assets.xcassets */; };
		75795AD11FC358F8006A52D7 /* PlayerDetailsTableViewController.swift in Sources */ = {isa = PBXBuildFile; fileRef = 75795AD01FC358F8006A52D7 /* PlayerDetailsTableViewController.swift */; };
		75795AD31FC37B6B006A52D7 /* Calculate.swift in Sources */ = {isa = PBXBuildFile; fileRef = 75795AD21FC37B6B006A52D7 /* Calculate.swift */; };
		7582620C1FC31D5C003044FF /* PlayerDetailsView.xib in Resources */ = {isa = PBXBuildFile; fileRef = 7582620B1FC31D5C003044FF /* PlayerDetailsView.xib */; };
		758D35FE1FD2EEB80038BBDB /* PlayerInformationTableViewCell.swift in Sources */ = {isa = PBXBuildFile; fileRef = 758D35FC1FD2EEB80038BBDB /* PlayerInformationTableViewCell.swift */; };
		758D35FF1FD2EEB80038BBDB /* PlayerInformationTableViewCell.xib in Resources */ = {isa = PBXBuildFile; fileRef = 758D35FD1FD2EEB80038BBDB /* PlayerInformationTableViewCell.xib */; };
		75D803A71FC8D6930084B97E /* PlayersOnIceTableViewCell.swift in Sources */ = {isa = PBXBuildFile; fileRef = 75D803A51FC8D6920084B97E /* PlayersOnIceTableViewCell.swift */; };
		75D803A81FC8D6930084B97E /* PlayersOnIceTableViewCell.xib in Resources */ = {isa = PBXBuildFile; fileRef = 75D803A61FC8D6930084B97E /* PlayersOnIceTableViewCell.xib */; };
		75E304F01FCC6AF30010C708 /* CreateAttributedString.swift in Sources */ = {isa = PBXBuildFile; fileRef = 75E304EF1FCC6AF30010C708 /* CreateAttributedString.swift */; };
		75E304F21FCC96E50010C708 /* TimeFormat.swift in Sources */ = {isa = PBXBuildFile; fileRef = 75E304F11FCC96E50010C708 /* TimeFormat.swift */; };
		75E333A71FD0E49A00408317 /* Time On Ice.xcdatamodeld in Sources */ = {isa = PBXBuildFile; fileRef = 75E333A51FD0E49A00408317 /* Time On Ice.xcdatamodeld */; };
		75E9E8621FBE218900A51F89 /* PlayerInformationTableViewController.swift in Sources */ = {isa = PBXBuildFile; fileRef = 75E9E8611FBE218900A51F89 /* PlayerInformationTableViewController.swift */; };
/* End PBXBuildFile section */

/* Begin PBXFileReference section */
		750FA2061FBCDCDA00A1D89A /* Time on Ice.app */ = {isa = PBXFileReference; explicitFileType = wrapper.application; includeInIndex = 0; path = "Time on Ice.app"; sourceTree = BUILT_PRODUCTS_DIR; };
		750FA2091FBCDCDA00A1D89A /* AppDelegate.swift */ = {isa = PBXFileReference; lastKnownFileType = sourcecode.swift; path = AppDelegate.swift; sourceTree = "<group>"; };
		750FA20E1FBCDCDA00A1D89A /* Base */ = {isa = PBXFileReference; lastKnownFileType = file.storyboard; name = Base; path = Base.lproj/Main.storyboard; sourceTree = "<group>"; };
		750FA2131FBCDCDA00A1D89A /* Base */ = {isa = PBXFileReference; lastKnownFileType = file.storyboard; name = Base; path = Base.lproj/LaunchScreen.storyboard; sourceTree = "<group>"; };
		750FA2151FBCDCDA00A1D89A /* Info.plist */ = {isa = PBXFileReference; lastKnownFileType = text.plist.xml; path = Info.plist; sourceTree = "<group>"; };
		750FA21B1FBCDE7B00A1D89A /* HomeViewController.swift */ = {isa = PBXFileReference; lastKnownFileType = sourcecode.swift; path = HomeViewController.swift; sourceTree = "<group>"; };
		751022F41FC61DD7000009EC /* BenchCollectionViewCell.swift */ = {isa = PBXFileReference; lastKnownFileType = sourcecode.swift; path = BenchCollectionViewCell.swift; sourceTree = "<group>"; };
		751022F51FC61DD7000009EC /* BenchCollectionViewCell.xib */ = {isa = PBXFileReference; lastKnownFileType = file.xib; path = BenchCollectionViewCell.xib; sourceTree = "<group>"; };
		75292EC21FD1962000CE5DCC /* Shifts+CoreDataClass.swift */ = {isa = PBXFileReference; lastKnownFileType = sourcecode.swift; path = "Shifts+CoreDataClass.swift"; sourceTree = "<group>"; };
		75292EC31FD1962000CE5DCC /* Shifts+CoreDataProperties.swift */ = {isa = PBXFileReference; lastKnownFileType = sourcecode.swift; path = "Shifts+CoreDataProperties.swift"; sourceTree = "<group>"; };
		75292EC41FD1962000CE5DCC /* Games+CoreDataClass.swift */ = {isa = PBXFileReference; lastKnownFileType = sourcecode.swift; path = "Games+CoreDataClass.swift"; sourceTree = "<group>"; };
		75292EC51FD1962000CE5DCC /* Games+CoreDataProperties.swift */ = {isa = PBXFileReference; lastKnownFileType = sourcecode.swift; path = "Games+CoreDataProperties.swift"; sourceTree = "<group>"; };
		75292EC61FD1962000CE5DCC /* Players+CoreDataClass.swift */ = {isa = PBXFileReference; lastKnownFileType = sourcecode.swift; path = "Players+CoreDataClass.swift"; sourceTree = "<group>"; };
		75292EC71FD1962000CE5DCC /* Players+CoreDataProperties.swift */ = {isa = PBXFileReference; lastKnownFileType = sourcecode.swift; path = "Players+CoreDataProperties.swift"; sourceTree = "<group>"; };
		75292ECE1FD196FB00CE5DCC /* CoreDataStack.swift */ = {isa = PBXFileReference; fileEncoding = 4; lastKnownFileType = sourcecode.swift; path = CoreDataStack.swift; sourceTree = "<group>"; };
		75292F181FD1EE7F00CE5DCC /* Picker.swift */ = {isa = PBXFileReference; lastKnownFileType = sourcecode.swift; path = Picker.swift; sourceTree = "<group>"; };
		75292F1A1FD1F38F00CE5DCC /* PopoverViewController.swift */ = {isa = PBXFileReference; lastKnownFileType = sourcecode.swift; path = PopoverViewController.swift; sourceTree = "<group>"; };
		75561F991FC6415C009079EC /* AddPlayers.swift */ = {isa = PBXFileReference; lastKnownFileType = sourcecode.swift; path = AddPlayers.swift; sourceTree = "<group>"; };
		7574B3CA1FC8CE7E00CF4214 /* Assets.xcassets */ = {isa = PBXFileReference; lastKnownFileType = folder.assetcatalog; path = Assets.xcassets; sourceTree = "<group>"; };
		75795AD01FC358F8006A52D7 /* PlayerDetailsTableViewController.swift */ = {isa = PBXFileReference; lastKnownFileType = sourcecode.swift; path = PlayerDetailsTableViewController.swift; sourceTree = "<group>"; };
		75795AD21FC37B6B006A52D7 /* Calculate.swift */ = {isa = PBXFileReference; lastKnownFileType = sourcecode.swift; path = Calculate.swift; sourceTree = "<group>"; };
		7582620B1FC31D5C003044FF /* PlayerDetailsView.xib */ = {isa = PBXFileReference; lastKnownFileType = file.xib; path = PlayerDetailsView.xib; sourceTree = "<group>"; };
		758D35FC1FD2EEB80038BBDB /* PlayerInformationTableViewCell.swift */ = {isa = PBXFileReference; lastKnownFileType = sourcecode.swift; path = PlayerInformationTableViewCell.swift; sourceTree = "<group>"; };
		758D35FD1FD2EEB80038BBDB /* PlayerInformationTableViewCell.xib */ = {isa = PBXFileReference; lastKnownFileType = file.xib; path = PlayerInformationTableViewCell.xib; sourceTree = "<group>"; };
		75D803A51FC8D6920084B97E /* PlayersOnIceTableViewCell.swift */ = {isa = PBXFileReference; lastKnownFileType = sourcecode.swift; path = PlayersOnIceTableViewCell.swift; sourceTree = "<group>"; };
		75D803A61FC8D6930084B97E /* PlayersOnIceTableViewCell.xib */ = {isa = PBXFileReference; lastKnownFileType = file.xib; path = PlayersOnIceTableViewCell.xib; sourceTree = "<group>"; };
		75E304EF1FCC6AF30010C708 /* CreateAttributedString.swift */ = {isa = PBXFileReference; lastKnownFileType = sourcecode.swift; path = CreateAttributedString.swift; sourceTree = "<group>"; };
		75E304F11FCC96E50010C708 /* TimeFormat.swift */ = {isa = PBXFileReference; lastKnownFileType = sourcecode.swift; path = TimeFormat.swift; sourceTree = "<group>"; };
		75E333A61FD0E49A00408317 /* Model.xcdatamodel */ = {isa = PBXFileReference; lastKnownFileType = wrapper.xcdatamodel; path = Model.xcdatamodel; sourceTree = "<group>"; };
		75E9E8611FBE218900A51F89 /* PlayerInformationTableViewController.swift */ = {isa = PBXFileReference; lastKnownFileType = sourcecode.swift; path = PlayerInformationTableViewController.swift; sourceTree = "<group>"; };
/* End PBXFileReference section */

/* Begin PBXFrameworksBuildPhase section */
		750FA2031FBCDCDA00A1D89A /* Frameworks */ = {
			isa = PBXFrameworksBuildPhase;
			buildActionMask = 2147483647;
			files = (
			);
			runOnlyForDeploymentPostprocessing = 0;
		};
/* End PBXFrameworksBuildPhase section */

/* Begin PBXGroup section */
		750FA1FD1FBCDCDA00A1D89A = {
			isa = PBXGroup;
			children = (
				75292F1A1FD1F38F00CE5DCC /* PopoverViewController.swift */,
				750FA2091FBCDCDA00A1D89A /* AppDelegate.swift */,
				750FA2151FBCDCDA00A1D89A /* Info.plist */,
				750FA21B1FBCDE7B00A1D89A /* HomeViewController.swift */,
				75D803A51FC8D6920084B97E /* PlayersOnIceTableViewCell.swift */,
				75D803A61FC8D6930084B97E /* PlayersOnIceTableViewCell.xib */,
				75F977F71FC4CA41006506A4 /* Classes */,
				75F977F81FC4CA4D006506A4 /* Storyboard */,
				75E9E8651FBE21A200A51F89 /* Players */,
				75E333A81FD0E4AB00408317 /* CoreData */,
				750FA2071FBCDCDA00A1D89A /* Products */,
			);
			sourceTree = "<group>";
		};
		750FA2071FBCDCDA00A1D89A /* Products */ = {
			isa = PBXGroup;
			children = (
				750FA2061FBCDCDA00A1D89A /* Time on Ice.app */,
			);
			name = Products;
			sourceTree = "<group>";
		};
		75E333A81FD0E4AB00408317 /* CoreData */ = {
			isa = PBXGroup;
			children = (
				75292EC21FD1962000CE5DCC /* Shifts+CoreDataClass.swift */,
				75292EC31FD1962000CE5DCC /* Shifts+CoreDataProperties.swift */,
				75292EC41FD1962000CE5DCC /* Games+CoreDataClass.swift */,
				75292EC51FD1962000CE5DCC /* Games+CoreDataProperties.swift */,
				75292EC61FD1962000CE5DCC /* Players+CoreDataClass.swift */,
				75292EC71FD1962000CE5DCC /* Players+CoreDataProperties.swift */,
				75E333A51FD0E49A00408317 /* Time On Ice.xcdatamodeld */,
				75292ECE1FD196FB00CE5DCC /* CoreDataStack.swift */,
			);
			path = CoreData;
			sourceTree = "<group>";
		};
		75E9E8651FBE21A200A51F89 /* Players */ = {
			isa = PBXGroup;
			children = (
				75E9E8611FBE218900A51F89 /* PlayerInformationTableViewController.swift */,
				7582620B1FC31D5C003044FF /* PlayerDetailsView.xib */,
				75795AD01FC358F8006A52D7 /* PlayerDetailsTableViewController.swift */,
				751022F41FC61DD7000009EC /* BenchCollectionViewCell.swift */,
				751022F51FC61DD7000009EC /* BenchCollectionViewCell.xib */,
				758D35FC1FD2EEB80038BBDB /* PlayerInformationTableViewCell.swift */,
				758D35FD1FD2EEB80038BBDB /* PlayerInformationTableViewCell.xib */,
			);
			path = Players;
			sourceTree = "<group>";
		};
		75F977F71FC4CA41006506A4 /* Classes */ = {
			isa = PBXGroup;
			children = (
				75795AD21FC37B6B006A52D7 /* Calculate.swift */,
				75561F991FC6415C009079EC /* AddPlayers.swift */,
				75E304EF1FCC6AF30010C708 /* CreateAttributedString.swift */,
				75E304F11FCC96E50010C708 /* TimeFormat.swift */,
				75292F181FD1EE7F00CE5DCC /* Picker.swift */,
			);
			path = Classes;
			sourceTree = "<group>";
		};
		75F977F81FC4CA4D006506A4 /* Storyboard */ = {
			isa = PBXGroup;
			children = (
				7574B3CA1FC8CE7E00CF4214 /* Assets.xcassets */,
				750FA20D1FBCDCDA00A1D89A /* Main.storyboard */,
				750FA2121FBCDCDA00A1D89A /* LaunchScreen.storyboard */,
			);
			path = Storyboard;
			sourceTree = "<group>";
		};
/* End PBXGroup section */

/* Begin PBXNativeTarget section */
		750FA2051FBCDCDA00A1D89A /* Time on Ice */ = {
			isa = PBXNativeTarget;
			buildConfigurationList = 750FA2181FBCDCDA00A1D89A /* Build configuration list for PBXNativeTarget "Time on Ice" */;
			buildPhases = (
				750FA2021FBCDCDA00A1D89A /* Sources */,
				750FA2031FBCDCDA00A1D89A /* Frameworks */,
				750FA2041FBCDCDA00A1D89A /* Resources */,
			);
			buildRules = (
			);
			dependencies = (
			);
			name = "Time on Ice";
			productName = "Time on Ice";
			productReference = 750FA2061FBCDCDA00A1D89A /* Time on Ice.app */;
			productType = "com.apple.product-type.application";
		};
/* End PBXNativeTarget section */

/* Begin PBXProject section */
		750FA1FE1FBCDCDA00A1D89A /* Project object */ = {
			isa = PBXProject;
			attributes = {
				LastSwiftUpdateCheck = 0910;
				LastUpgradeCheck = 0910;
				ORGANIZATIONNAME = "Surette, Paul";
				TargetAttributes = {
					750FA2051FBCDCDA00A1D89A = {
						CreatedOnToolsVersion = 9.1;
						ProvisioningStyle = Automatic;
					};
				};
			};
			buildConfigurationList = 750FA2011FBCDCDA00A1D89A /* Build configuration list for PBXProject "Time on Ice" */;
			compatibilityVersion = "Xcode 8.0";
			developmentRegion = en;
			hasScannedForEncodings = 0;
			knownRegions = (
				en,
				Base,
			);
			mainGroup = 750FA1FD1FBCDCDA00A1D89A;
			productRefGroup = 750FA2071FBCDCDA00A1D89A /* Products */;
			projectDirPath = "";
			projectRoot = "";
			targets = (
				750FA2051FBCDCDA00A1D89A /* Time on Ice */,
			);
		};
/* End PBXProject section */

/* Begin PBXResourcesBuildPhase section */
		750FA2041FBCDCDA00A1D89A /* Resources */ = {
			isa = PBXResourcesBuildPhase;
			buildActionMask = 2147483647;
			files = (
				7582620C1FC31D5C003044FF /* PlayerDetailsView.xib in Resources */,
				758D35FF1FD2EEB80038BBDB /* PlayerInformationTableViewCell.xib in Resources */,
				750FA2141FBCDCDA00A1D89A /* LaunchScreen.storyboard in Resources */,
				751022F71FC61DD7000009EC /* BenchCollectionViewCell.xib in Resources */,
				750FA20F1FBCDCDA00A1D89A /* Main.storyboard in Resources */,
				7574B3CB1FC8CE7E00CF4214 /* Assets.xcassets in Resources */,
				75D803A81FC8D6930084B97E /* PlayersOnIceTableViewCell.xib in Resources */,
			);
			runOnlyForDeploymentPostprocessing = 0;
		};
/* End PBXResourcesBuildPhase section */

/* Begin PBXSourcesBuildPhase section */
		750FA2021FBCDCDA00A1D89A /* Sources */ = {
			isa = PBXSourcesBuildPhase;
			buildActionMask = 2147483647;
			files = (
				750FA20A1FBCDCDA00A1D89A /* AppDelegate.swift in Sources */,
				75E9E8621FBE218900A51F89 /* PlayerInformationTableViewController.swift in Sources */,
				75795AD11FC358F8006A52D7 /* PlayerDetailsTableViewController.swift in Sources */,
				75292ECF1FD196FB00CE5DCC /* CoreDataStack.swift in Sources */,
				75292EC91FD1962000CE5DCC /* Shifts+CoreDataProperties.swift in Sources */,
				75292ECD1FD1962000CE5DCC /* Players+CoreDataProperties.swift in Sources */,
				75E304F21FCC96E50010C708 /* TimeFormat.swift in Sources */,
				75D803A71FC8D6930084B97E /* PlayersOnIceTableViewCell.swift in Sources */,
				75795AD31FC37B6B006A52D7 /* Calculate.swift in Sources */,
				75E304F01FCC6AF30010C708 /* CreateAttributedString.swift in Sources */,
				758D35FE1FD2EEB80038BBDB /* PlayerInformationTableViewCell.swift in Sources */,
				75292ECB1FD1962000CE5DCC /* Games+CoreDataProperties.swift in Sources */,
				75292F191FD1EE7F00CE5DCC /* Picker.swift in Sources */,
				75292F1B1FD1F38F00CE5DCC /* PopoverViewController.swift in Sources */,
				750FA21C1FBCDE7B00A1D89A /* HomeViewController.swift in Sources */,
				75292ECC1FD1962000CE5DCC /* Players+CoreDataClass.swift in Sources */,
				75561F9A1FC6415C009079EC /* AddPlayers.swift in Sources */,
				751022F61FC61DD7000009EC /* BenchCollectionViewCell.swift in Sources */,
				75292ECA1FD1962000CE5DCC /* Games+CoreDataClass.swift in Sources */,
				75292EC81FD1962000CE5DCC /* Shifts+CoreDataClass.swift in Sources */,
				75E333A71FD0E49A00408317 /* Time On Ice.xcdatamodeld in Sources */,
			);
			runOnlyForDeploymentPostprocessing = 0;
		};
/* End PBXSourcesBuildPhase section */

/* Begin PBXVariantGroup section */
		750FA20D1FBCDCDA00A1D89A /* Main.storyboard */ = {
			isa = PBXVariantGroup;
			children = (
				750FA20E1FBCDCDA00A1D89A /* Base */,
			);
			name = Main.storyboard;
			sourceTree = "<group>";
		};
		750FA2121FBCDCDA00A1D89A /* LaunchScreen.storyboard */ = {
			isa = PBXVariantGroup;
			children = (
				750FA2131FBCDCDA00A1D89A /* Base */,
			);
			name = LaunchScreen.storyboard;
			sourceTree = "<group>";
		};
/* End PBXVariantGroup section */

/* Begin XCBuildConfiguration section */
		750FA2161FBCDCDA00A1D89A /* Debug */ = {
			isa = XCBuildConfiguration;
			buildSettings = {
				ALWAYS_SEARCH_USER_PATHS = NO;
				CLANG_ANALYZER_NONNULL = YES;
				CLANG_ANALYZER_NUMBER_OBJECT_CONVERSION = YES_AGGRESSIVE;
				CLANG_CXX_LANGUAGE_STANDARD = "gnu++14";
				CLANG_CXX_LIBRARY = "libc++";
				CLANG_ENABLE_MODULES = YES;
				CLANG_ENABLE_OBJC_ARC = YES;
				CLANG_WARN_BLOCK_CAPTURE_AUTORELEASING = YES;
				CLANG_WARN_BOOL_CONVERSION = YES;
				CLANG_WARN_COMMA = YES;
				CLANG_WARN_CONSTANT_CONVERSION = YES;
				CLANG_WARN_DIRECT_OBJC_ISA_USAGE = YES_ERROR;
				CLANG_WARN_DOCUMENTATION_COMMENTS = YES;
				CLANG_WARN_EMPTY_BODY = YES;
				CLANG_WARN_ENUM_CONVERSION = YES;
				CLANG_WARN_INFINITE_RECURSION = YES;
				CLANG_WARN_INT_CONVERSION = YES;
				CLANG_WARN_NON_LITERAL_NULL_CONVERSION = YES;
				CLANG_WARN_OBJC_LITERAL_CONVERSION = YES;
				CLANG_WARN_OBJC_ROOT_CLASS = YES_ERROR;
				CLANG_WARN_RANGE_LOOP_ANALYSIS = YES;
				CLANG_WARN_STRICT_PROTOTYPES = YES;
				CLANG_WARN_SUSPICIOUS_MOVE = YES;
				CLANG_WARN_UNGUARDED_AVAILABILITY = YES_AGGRESSIVE;
				CLANG_WARN_UNREACHABLE_CODE = YES;
				CLANG_WARN__DUPLICATE_METHOD_MATCH = YES;
				CODE_SIGN_IDENTITY = "iPhone Developer";
				COPY_PHASE_STRIP = NO;
				DEBUG_INFORMATION_FORMAT = dwarf;
				ENABLE_STRICT_OBJC_MSGSEND = YES;
				ENABLE_TESTABILITY = YES;
				GCC_C_LANGUAGE_STANDARD = gnu11;
				GCC_DYNAMIC_NO_PIC = NO;
				GCC_NO_COMMON_BLOCKS = YES;
				GCC_OPTIMIZATION_LEVEL = 0;
				GCC_PREPROCESSOR_DEFINITIONS = (
					"DEBUG=1",
					"$(inherited)",
				);
				GCC_WARN_64_TO_32_BIT_CONVERSION = YES;
				GCC_WARN_ABOUT_RETURN_TYPE = YES_ERROR;
				GCC_WARN_UNDECLARED_SELECTOR = YES;
				GCC_WARN_UNINITIALIZED_AUTOS = YES_AGGRESSIVE;
				GCC_WARN_UNUSED_FUNCTION = YES;
				GCC_WARN_UNUSED_VARIABLE = YES;
				IPHONEOS_DEPLOYMENT_TARGET = 11.1;
				MTL_ENABLE_DEBUG_INFO = YES;
				ONLY_ACTIVE_ARCH = YES;
				SDKROOT = iphoneos;
				SWIFT_ACTIVE_COMPILATION_CONDITIONS = DEBUG;
				SWIFT_OPTIMIZATION_LEVEL = "-Onone";
			};
			name = Debug;
		};
		750FA2171FBCDCDA00A1D89A /* Release */ = {
			isa = XCBuildConfiguration;
			buildSettings = {
				ALWAYS_SEARCH_USER_PATHS = NO;
				CLANG_ANALYZER_NONNULL = YES;
				CLANG_ANALYZER_NUMBER_OBJECT_CONVERSION = YES_AGGRESSIVE;
				CLANG_CXX_LANGUAGE_STANDARD = "gnu++14";
				CLANG_CXX_LIBRARY = "libc++";
				CLANG_ENABLE_MODULES = YES;
				CLANG_ENABLE_OBJC_ARC = YES;
				CLANG_WARN_BLOCK_CAPTURE_AUTORELEASING = YES;
				CLANG_WARN_BOOL_CONVERSION = YES;
				CLANG_WARN_COMMA = YES;
				CLANG_WARN_CONSTANT_CONVERSION = YES;
				CLANG_WARN_DIRECT_OBJC_ISA_USAGE = YES_ERROR;
				CLANG_WARN_DOCUMENTATION_COMMENTS = YES;
				CLANG_WARN_EMPTY_BODY = YES;
				CLANG_WARN_ENUM_CONVERSION = YES;
				CLANG_WARN_INFINITE_RECURSION = YES;
				CLANG_WARN_INT_CONVERSION = YES;
				CLANG_WARN_NON_LITERAL_NULL_CONVERSION = YES;
				CLANG_WARN_OBJC_LITERAL_CONVERSION = YES;
				CLANG_WARN_OBJC_ROOT_CLASS = YES_ERROR;
				CLANG_WARN_RANGE_LOOP_ANALYSIS = YES;
				CLANG_WARN_STRICT_PROTOTYPES = YES;
				CLANG_WARN_SUSPICIOUS_MOVE = YES;
				CLANG_WARN_UNGUARDED_AVAILABILITY = YES_AGGRESSIVE;
				CLANG_WARN_UNREACHABLE_CODE = YES;
				CLANG_WARN__DUPLICATE_METHOD_MATCH = YES;
				CODE_SIGN_IDENTITY = "iPhone Developer";
				COPY_PHASE_STRIP = NO;
				DEBUG_INFORMATION_FORMAT = "dwarf-with-dsym";
				ENABLE_NS_ASSERTIONS = NO;
				ENABLE_STRICT_OBJC_MSGSEND = YES;
				GCC_C_LANGUAGE_STANDARD = gnu11;
				GCC_NO_COMMON_BLOCKS = YES;
				GCC_WARN_64_TO_32_BIT_CONVERSION = YES;
				GCC_WARN_ABOUT_RETURN_TYPE = YES_ERROR;
				GCC_WARN_UNDECLARED_SELECTOR = YES;
				GCC_WARN_UNINITIALIZED_AUTOS = YES_AGGRESSIVE;
				GCC_WARN_UNUSED_FUNCTION = YES;
				GCC_WARN_UNUSED_VARIABLE = YES;
				IPHONEOS_DEPLOYMENT_TARGET = 11.1;
				MTL_ENABLE_DEBUG_INFO = NO;
				SDKROOT = iphoneos;
				SWIFT_OPTIMIZATION_LEVEL = "-Owholemodule";
				VALIDATE_PRODUCT = YES;
			};
			name = Release;
		};
		750FA2191FBCDCDA00A1D89A /* Debug */ = {
			isa = XCBuildConfiguration;
			buildSettings = {
				ASSETCATALOG_COMPILER_APPICON_NAME = AppIcon;
				CODE_SIGN_STYLE = Automatic;
				DEVELOPMENT_TEAM = 28DUX73466;
				INFOPLIST_FILE = "$(SRCROOT)/Info.plist";
				LD_RUNPATH_SEARCH_PATHS = "$(inherited) @executable_path/Frameworks";
				PRODUCT_BUNDLE_IDENTIFIER = "com.paulsurette.Time-on-Ice";
				PRODUCT_NAME = "$(TARGET_NAME)";
				SWIFT_VERSION = 4.0;
				TARGETED_DEVICE_FAMILY = 1;
			};
			name = Debug;
		};
		750FA21A1FBCDCDA00A1D89A /* Release */ = {
			isa = XCBuildConfiguration;
			buildSettings = {
				ASSETCATALOG_COMPILER_APPICON_NAME = AppIcon;
				CODE_SIGN_STYLE = Automatic;
				DEVELOPMENT_TEAM = 28DUX73466;
				INFOPLIST_FILE = "$(SRCROOT)/Info.plist";
				LD_RUNPATH_SEARCH_PATHS = "$(inherited) @executable_path/Frameworks";
				PRODUCT_BUNDLE_IDENTIFIER = "com.paulsurette.Time-on-Ice";
				PRODUCT_NAME = "$(TARGET_NAME)";
				SWIFT_VERSION = 4.0;
				TARGETED_DEVICE_FAMILY = 1;
			};
			name = Release;
		};
/* End XCBuildConfiguration section */

/* Begin XCConfigurationList section */
		750FA2011FBCDCDA00A1D89A /* Build configuration list for PBXProject "Time on Ice" */ = {
			isa = XCConfigurationList;
			buildConfigurations = (
				750FA2161FBCDCDA00A1D89A /* Debug */,
				750FA2171FBCDCDA00A1D89A /* Release */,
			);
			defaultConfigurationIsVisible = 0;
			defaultConfigurationName = Release;
		};
		750FA2181FBCDCDA00A1D89A /* Build configuration list for PBXNativeTarget "Time on Ice" */ = {
			isa = XCConfigurationList;
			buildConfigurations = (
				750FA2191FBCDCDA00A1D89A /* Debug */,
				750FA21A1FBCDCDA00A1D89A /* Release */,
			);
			defaultConfigurationIsVisible = 0;
			defaultConfigurationName = Release;
		};
/* End XCConfigurationList section */

/* Begin XCVersionGroup section */
		75E333A51FD0E49A00408317 /* Time On Ice.xcdatamodeld */ = {
			isa = XCVersionGroup;
			children = (
				75E333A61FD0E49A00408317 /* Model.xcdatamodel */,
			);
			currentVersion = 75E333A61FD0E49A00408317 /* Model.xcdatamodel */;
			path = "Time On Ice.xcdatamodeld";
			sourceTree = "<group>";
			versionGroupType = wrapper.xcdatamodel;
		};
/* End XCVersionGroup section */
	};
	rootObject = 750FA1FE1FBCDCDA00A1D89A /* Project object */;
}
