// !$*UTF8*$!
{
	archiveVersion = 1;
	classes = {
	};
	objectVersion = 48;
	objects = {

/* Begin PBXBuildFile section */
		750388391FDDD4270086073D /* ImportGames.swift in Sources */ = {isa = PBXBuildFile; fileRef = 750388381FDDD4270086073D /* ImportGames.swift */; };
		7503883D1FDECBE20086073D /* GamePopoverTableViewController.swift in Sources */ = {isa = PBXBuildFile; fileRef = 7503883C1FDECBE20086073D /* GamePopoverTableViewController.swift */; };
		750388421FDECDA10086073D /* GamePopoverTableViewCell.swift in Sources */ = {isa = PBXBuildFile; fileRef = 750388401FDECDA10086073D /* GamePopoverTableViewCell.swift */; };
		750388431FDECDA10086073D /* GamePopoverTableViewCell.xib in Resources */ = {isa = PBXBuildFile; fileRef = 750388411FDECDA10086073D /* GamePopoverTableViewCell.xib */; };
		750388451FDEE6F90086073D /* NoGamePopoverViewController.swift in Sources */ = {isa = PBXBuildFile; fileRef = 750388441FDEE6F90086073D /* NoGamePopoverViewController.swift */; };
		750FA20A1FBCDCDA00A1D89A /* AppDelegate.swift in Sources */ = {isa = PBXBuildFile; fileRef = 750FA2091FBCDCDA00A1D89A /* AppDelegate.swift */; };
		750FA20F1FBCDCDA00A1D89A /* Main.storyboard in Resources */ = {isa = PBXBuildFile; fileRef = 750FA20D1FBCDCDA00A1D89A /* Main.storyboard */; };
		750FA2141FBCDCDA00A1D89A /* LaunchScreen.storyboard in Resources */ = {isa = PBXBuildFile; fileRef = 750FA2121FBCDCDA00A1D89A /* LaunchScreen.storyboard */; };
		750FA21C1FBCDE7B00A1D89A /* HomeViewController.swift in Sources */ = {isa = PBXBuildFile; fileRef = 750FA21B1FBCDE7B00A1D89A /* HomeViewController.swift */; };
		751022F61FC61DD7000009EC /* BenchCollectionViewCell.swift in Sources */ = {isa = PBXBuildFile; fileRef = 751022F41FC61DD7000009EC /* BenchCollectionViewCell.swift */; };
		751022F71FC61DD7000009EC /* BenchCollectionViewCell.xib in Resources */ = {isa = PBXBuildFile; fileRef = 751022F51FC61DD7000009EC /* BenchCollectionViewCell.xib */; };
		751768032006F88500720242 /* ImportShifts.swift in Sources */ = {isa = PBXBuildFile; fileRef = 751768022006F88500720242 /* ImportShifts.swift */; };
		7518A0311FFEC7A50092278F /* CurveAlgorithm.swift in Sources */ = {isa = PBXBuildFile; fileRef = 7518A0301FFEC7A50092278F /* CurveAlgorithm.swift */; };
		7518A0331FFEC7E60092278F /* LineChart.swift in Sources */ = {isa = PBXBuildFile; fileRef = 7518A0321FFEC7E60092278F /* LineChart.swift */; };
		75292ECF1FD196FB00CE5DCC /* CoreDataStack.swift in Sources */ = {isa = PBXBuildFile; fileRef = 75292ECE1FD196FB00CE5DCC /* CoreDataStack.swift */; };
		75292F191FD1EE7F00CE5DCC /* Picker.swift in Sources */ = {isa = PBXBuildFile; fileRef = 75292F181FD1EE7F00CE5DCC /* Picker.swift */; };
		75292F1B1FD1F38F00CE5DCC /* PopoverViewController.swift in Sources */ = {isa = PBXBuildFile; fileRef = 75292F1A1FD1F38F00CE5DCC /* PopoverViewController.swift */; };
		752C0C7F20016F71007DE9BC /* StatsOneShiftTableViewCell.swift in Sources */ = {isa = PBXBuildFile; fileRef = 752C0C7D20016F71007DE9BC /* StatsOneShiftTableViewCell.swift */; };
		752C0C8020016F71007DE9BC /* StatsOneShiftTableViewCell.xib in Resources */ = {isa = PBXBuildFile; fileRef = 752C0C7E20016F71007DE9BC /* StatsOneShiftTableViewCell.xib */; };
		752C0C832001713E007DE9BC /* StatsAccumaltedPerGameTableViewCell.swift in Sources */ = {isa = PBXBuildFile; fileRef = 752C0C812001713E007DE9BC /* StatsAccumaltedPerGameTableViewCell.swift */; };
		752C0C842001713E007DE9BC /* StatsAccumaltedPerGameTableViewCell.xib in Resources */ = {isa = PBXBuildFile; fileRef = 752C0C822001713E007DE9BC /* StatsAccumaltedPerGameTableViewCell.xib */; };
		7539FC851FD4458C009E6CB4 /* Delegates.swift in Sources */ = {isa = PBXBuildFile; fileRef = 7539FC841FD4458C009E6CB4 /* Delegates.swift */; };
		7539FC891FD4CBB4009E6CB4 /* GoFetch.swift in Sources */ = {isa = PBXBuildFile; fileRef = 7539FC881FD4CBB4009E6CB4 /* GoFetch.swift */; };
		7539FC8B1FD6D336009E6CB4 /* ImportPlayers.swift in Sources */ = {isa = PBXBuildFile; fileRef = 7539FC8A1FD6D336009E6CB4 /* ImportPlayers.swift */; };
		7539FC8D1FD6D7B8009E6CB4 /* IsAppAlreadyLaunchedOnce.swift in Sources */ = {isa = PBXBuildFile; fileRef = 7539FC8C1FD6D7B8009E6CB4 /* IsAppAlreadyLaunchedOnce.swift */; };
		7539FC901FD6EADF009E6CB4 /* RoundedImage.swift in Sources */ = {isa = PBXBuildFile; fileRef = 7539FC8F1FD6EADF009E6CB4 /* RoundedImage.swift */; };
		753C215C1FDAD920005DC7F4 /* ShowPopover.swift in Sources */ = {isa = PBXBuildFile; fileRef = 753C215B1FDAD920005DC7F4 /* ShowPopover.swift */; };
		753C215E1FDADB05005DC7F4 /* NoPlayerPopoverViewController.swift in Sources */ = {isa = PBXBuildFile; fileRef = 753C215D1FDADB05005DC7F4 /* NoPlayerPopoverViewController.swift */; };
		75451F86200810AA00831A08 /* PeriodPicker.swift in Sources */ = {isa = PBXBuildFile; fileRef = 75451F85200810AA00831A08 /* PeriodPicker.swift */; };
		75451F882008130100831A08 /* PeriodPopoverViewController.swift in Sources */ = {isa = PBXBuildFile; fileRef = 75451F872008130100831A08 /* PeriodPopoverViewController.swift */; };
		75451F8B20081E7300831A08 /* ButtonImagesForState.swift in Sources */ = {isa = PBXBuildFile; fileRef = 75451F8A20081E7300831A08 /* ButtonImagesForState.swift */; };
		755257A01FFA8FBF0063B646 /* Reset.swift in Sources */ = {isa = PBXBuildFile; fileRef = 7552579F1FFA8FBF0063B646 /* Reset.swift */; };
		7553BF171FFD748B005C2CDC /* Camera.swift in Sources */ = {isa = PBXBuildFile; fileRef = 7553BF161FFD748B005C2CDC /* Camera.swift */; };
		7557A6CD200B9DA100FCCD18 /* StatsTableViewHeaderFooterView.xib in Resources */ = {isa = PBXBuildFile; fileRef = 7557A6CC200B9DA100FCCD18 /* StatsTableViewHeaderFooterView.xib */; };
		7557A6CF200BA13800FCCD18 /* StatsTableViewHeaderFooterView.swift in Sources */ = {isa = PBXBuildFile; fileRef = 7557A6CE200BA13800FCCD18 /* StatsTableViewHeaderFooterView.swift */; };
		755A7436200844F0000C5B19 /* Shifts+CoreDataClass.swift in Sources */ = {isa = PBXBuildFile; fileRef = 755A7434200844F0000C5B19 /* Shifts+CoreDataClass.swift */; };
		755A7437200844F0000C5B19 /* Shifts+CoreDataProperties.swift in Sources */ = {isa = PBXBuildFile; fileRef = 755A7435200844F0000C5B19 /* Shifts+CoreDataProperties.swift */; };
		756C7B901FEFF65F00DBF5CD /* Players+CoreDataClass.swift in Sources */ = {isa = PBXBuildFile; fileRef = 756C7B8E1FEFF65F00DBF5CD /* Players+CoreDataClass.swift */; };
		756C7B911FEFF65F00DBF5CD /* Players+CoreDataProperties.swift in Sources */ = {isa = PBXBuildFile; fileRef = 756C7B8F1FEFF65F00DBF5CD /* Players+CoreDataProperties.swift */; };
		75710CA41FD75E7800D04762 /* GameInformationTableViewController.swift in Sources */ = {isa = PBXBuildFile; fileRef = 75710CA31FD75E7800D04762 /* GameInformationTableViewController.swift */; };
		75710CA61FD75E8700D04762 /* GameDetailsTableViewController.swift in Sources */ = {isa = PBXBuildFile; fileRef = 75710CA51FD75E8700D04762 /* GameDetailsTableViewController.swift */; };
		7574B3CB1FC8CE7E00CF4214 /* Assets.xcassets in Resources */ = {isa = PBXBuildFile; fileRef = 7574B3CA1FC8CE7E00CF4214 /* Assets.xcassets */; };
		75795AD11FC358F8006A52D7 /* PlayerDetailsTableViewController.swift in Sources */ = {isa = PBXBuildFile; fileRef = 75795AD01FC358F8006A52D7 /* PlayerDetailsTableViewController.swift */; };
		75795AD31FC37B6B006A52D7 /* Calculate.swift in Sources */ = {isa = PBXBuildFile; fileRef = 75795AD21FC37B6B006A52D7 /* Calculate.swift */; };
		758D35FE1FD2EEB80038BBDB /* PlayerInformationTableViewCell.swift in Sources */ = {isa = PBXBuildFile; fileRef = 758D35FC1FD2EEB80038BBDB /* PlayerInformationTableViewCell.swift */; };
		758D35FF1FD2EEB80038BBDB /* PlayerInformationTableViewCell.xib in Resources */ = {isa = PBXBuildFile; fileRef = 758D35FD1FD2EEB80038BBDB /* PlayerInformationTableViewCell.xib */; };
		7591FC181FFFBC40001CAE70 /* StatsAccumulatedTableViewCell.swift in Sources */ = {isa = PBXBuildFile; fileRef = 7591FC161FFFBC40001CAE70 /* StatsAccumulatedTableViewCell.swift */; };
		7591FC191FFFBC40001CAE70 /* StatsAccumulatedTableViewCell.xib in Resources */ = {isa = PBXBuildFile; fileRef = 7591FC171FFFBC40001CAE70 /* StatsAccumulatedTableViewCell.xib */; };
		7591FC1C200000F4001CAE70 /* StatsChartTableViewCell.swift in Sources */ = {isa = PBXBuildFile; fileRef = 7591FC1A200000F4001CAE70 /* StatsChartTableViewCell.swift */; };
		7591FC1D200000F4001CAE70 /* StatsChartTableViewCell.xib in Resources */ = {isa = PBXBuildFile; fileRef = 7591FC1B200000F4001CAE70 /* StatsChartTableViewCell.xib */; };
		75A062C21FD96F3500EA626F /* PlayerPopoverTableViewController.swift in Sources */ = {isa = PBXBuildFile; fileRef = 75A062C11FD96F3500EA626F /* PlayerPopoverTableViewController.swift */; };
		75A062C51FD9769800EA626F /* PlayerPopoverTableViewCell.swift in Sources */ = {isa = PBXBuildFile; fileRef = 75A062C31FD9769800EA626F /* PlayerPopoverTableViewCell.swift */; };
		75A062C61FD9769800EA626F /* PlayerPopoverTableViewCell.xib in Resources */ = {isa = PBXBuildFile; fileRef = 75A062C41FD9769800EA626F /* PlayerPopoverTableViewCell.xib */; };
		75A0C4B71FFBD746006DED1F /* StatsPerGameViewController.swift in Sources */ = {isa = PBXBuildFile; fileRef = 75A0C4B61FFBD746006DED1F /* StatsPerGameViewController.swift */; };
		75BC884B1FEB08DC00EFE077 /* Games+CoreDataClass.swift in Sources */ = {isa = PBXBuildFile; fileRef = 75BC88431FEB08DC00EFE077 /* Games+CoreDataClass.swift */; };
		75BC884C1FEB08DC00EFE077 /* Games+CoreDataProperties.swift in Sources */ = {isa = PBXBuildFile; fileRef = 75BC88441FEB08DC00EFE077 /* Games+CoreDataProperties.swift */; };
		75D2F38F1FD868290089DC63 /* GameInformationTableViewCell.swift in Sources */ = {isa = PBXBuildFile; fileRef = 75D2F38D1FD868290089DC63 /* GameInformationTableViewCell.swift */; };
		75D2F3901FD868290089DC63 /* GameInformationTableViewCell.xib in Resources */ = {isa = PBXBuildFile; fileRef = 75D2F38E1FD868290089DC63 /* GameInformationTableViewCell.xib */; };
		75D2F3921FD86B9C0089DC63 /* changeAppearance.swift in Sources */ = {isa = PBXBuildFile; fileRef = 75D2F3911FD86B9C0089DC63 /* changeAppearance.swift */; };
		75D2F3941FD874C20089DC63 /* ConvertDate.swift in Sources */ = {isa = PBXBuildFile; fileRef = 75D2F3931FD874C20089DC63 /* ConvertDate.swift */; };
		75D803A71FC8D6930084B97E /* PlayersOnIceTableViewCell.swift in Sources */ = {isa = PBXBuildFile; fileRef = 75D803A51FC8D6920084B97E /* PlayersOnIceTableViewCell.swift */; };
		75D803A81FC8D6930084B97E /* PlayersOnIceTableViewCell.xib in Resources */ = {isa = PBXBuildFile; fileRef = 75D803A61FC8D6930084B97E /* PlayersOnIceTableViewCell.xib */; };
		75DA911A1FE55E5F00A10F10 /* NoGamesViewController.swift in Sources */ = {isa = PBXBuildFile; fileRef = 75DA91191FE55E5F00A10F10 /* NoGamesViewController.swift */; };
		75DA911C1FE569B500A10F10 /* NoPlayersViewController.swift in Sources */ = {isa = PBXBuildFile; fileRef = 75DA911B1FE569B500A10F10 /* NoPlayersViewController.swift */; };
		75E304F01FCC6AF30010C708 /* CreateAttributedString.swift in Sources */ = {isa = PBXBuildFile; fileRef = 75E304EF1FCC6AF30010C708 /* CreateAttributedString.swift */; };
		75E304F21FCC96E50010C708 /* TimeFormat.swift in Sources */ = {isa = PBXBuildFile; fileRef = 75E304F11FCC96E50010C708 /* TimeFormat.swift */; };
		75E333A71FD0E49A00408317 /* Time On Ice.xcdatamodeld in Sources */ = {isa = PBXBuildFile; fileRef = 75E333A51FD0E49A00408317 /* Time On Ice.xcdatamodeld */; };
		75E56F192006805D002CCF3D /* ShiftDetailsTableViewCell.swift in Sources */ = {isa = PBXBuildFile; fileRef = 75E56F172006805D002CCF3D /* ShiftDetailsTableViewCell.swift */; };
		75E56F1A2006805D002CCF3D /* ShiftDetailsTableViewCell.xib in Resources */ = {isa = PBXBuildFile; fileRef = 75E56F182006805D002CCF3D /* ShiftDetailsTableViewCell.xib */; };
		75E9E8621FBE218900A51F89 /* PlayerInformationTableViewController.swift in Sources */ = {isa = PBXBuildFile; fileRef = 75E9E8611FBE218900A51F89 /* PlayerInformationTableViewController.swift */; };
		75F74CA51FFEABF10029FF42 /* BarEntry.swift in Sources */ = {isa = PBXBuildFile; fileRef = 75F74CA41FFEABF10029FF42 /* BarEntry.swift */; };
		75F74CA71FFEAC590029FF42 /* BasicBarChart.swift in Sources */ = {isa = PBXBuildFile; fileRef = 75F74CA61FFEAC590029FF42 /* BasicBarChart.swift */; };
		75F7EF341FD8BDBD002BD535 /* PlayerPicker.swift in Sources */ = {isa = PBXBuildFile; fileRef = 75F7EF331FD8BDBD002BD535 /* PlayerPicker.swift */; };
		75F7EF361FD8C03D002BD535 /* PlayerPopoverViewController.swift in Sources */ = {isa = PBXBuildFile; fileRef = 75F7EF351FD8C03D002BD535 /* PlayerPopoverViewController.swift */; };
/* End PBXBuildFile section */

/* Begin PBXFileReference section */
		750388381FDDD4270086073D /* ImportGames.swift */ = {isa = PBXFileReference; lastKnownFileType = sourcecode.swift; path = ImportGames.swift; sourceTree = "<group>"; };
		7503883C1FDECBE20086073D /* GamePopoverTableViewController.swift */ = {isa = PBXFileReference; lastKnownFileType = sourcecode.swift; path = GamePopoverTableViewController.swift; sourceTree = "<group>"; };
		750388401FDECDA10086073D /* GamePopoverTableViewCell.swift */ = {isa = PBXFileReference; lastKnownFileType = sourcecode.swift; path = GamePopoverTableViewCell.swift; sourceTree = "<group>"; };
		750388411FDECDA10086073D /* GamePopoverTableViewCell.xib */ = {isa = PBXFileReference; lastKnownFileType = file.xib; path = GamePopoverTableViewCell.xib; sourceTree = "<group>"; };
		750388441FDEE6F90086073D /* NoGamePopoverViewController.swift */ = {isa = PBXFileReference; lastKnownFileType = sourcecode.swift; path = NoGamePopoverViewController.swift; sourceTree = "<group>"; };
		750FA2061FBCDCDA00A1D89A /* Time on Ice.app */ = {isa = PBXFileReference; explicitFileType = wrapper.application; includeInIndex = 0; path = "Time on Ice.app"; sourceTree = BUILT_PRODUCTS_DIR; };
		750FA2091FBCDCDA00A1D89A /* AppDelegate.swift */ = {isa = PBXFileReference; lastKnownFileType = sourcecode.swift; path = AppDelegate.swift; sourceTree = "<group>"; };
		750FA20E1FBCDCDA00A1D89A /* Base */ = {isa = PBXFileReference; lastKnownFileType = file.storyboard; name = Base; path = Base.lproj/Main.storyboard; sourceTree = "<group>"; };
		750FA2131FBCDCDA00A1D89A /* Base */ = {isa = PBXFileReference; lastKnownFileType = file.storyboard; name = Base; path = Base.lproj/LaunchScreen.storyboard; sourceTree = "<group>"; };
		750FA2151FBCDCDA00A1D89A /* Info.plist */ = {isa = PBXFileReference; lastKnownFileType = text.plist.xml; path = Info.plist; sourceTree = "<group>"; };
		750FA21B1FBCDE7B00A1D89A /* HomeViewController.swift */ = {isa = PBXFileReference; lastKnownFileType = sourcecode.swift; path = HomeViewController.swift; sourceTree = "<group>"; };
		751022F41FC61DD7000009EC /* BenchCollectionViewCell.swift */ = {isa = PBXFileReference; lastKnownFileType = sourcecode.swift; path = BenchCollectionViewCell.swift; sourceTree = "<group>"; };
		751022F51FC61DD7000009EC /* BenchCollectionViewCell.xib */ = {isa = PBXFileReference; lastKnownFileType = file.xib; path = BenchCollectionViewCell.xib; sourceTree = "<group>"; };
		751768022006F88500720242 /* ImportShifts.swift */ = {isa = PBXFileReference; lastKnownFileType = sourcecode.swift; path = ImportShifts.swift; sourceTree = "<group>"; };
		7518A0301FFEC7A50092278F /* CurveAlgorithm.swift */ = {isa = PBXFileReference; lastKnownFileType = sourcecode.swift; path = CurveAlgorithm.swift; sourceTree = "<group>"; };
		7518A0321FFEC7E60092278F /* LineChart.swift */ = {isa = PBXFileReference; lastKnownFileType = sourcecode.swift; path = LineChart.swift; sourceTree = "<group>"; };
		75292ECE1FD196FB00CE5DCC /* CoreDataStack.swift */ = {isa = PBXFileReference; fileEncoding = 4; lastKnownFileType = sourcecode.swift; path = CoreDataStack.swift; sourceTree = "<group>"; };
		75292F181FD1EE7F00CE5DCC /* Picker.swift */ = {isa = PBXFileReference; lastKnownFileType = sourcecode.swift; path = Picker.swift; sourceTree = "<group>"; };
		75292F1A1FD1F38F00CE5DCC /* PopoverViewController.swift */ = {isa = PBXFileReference; lastKnownFileType = sourcecode.swift; path = PopoverViewController.swift; sourceTree = "<group>"; };
		752C0C7D20016F71007DE9BC /* StatsOneShiftTableViewCell.swift */ = {isa = PBXFileReference; lastKnownFileType = sourcecode.swift; path = StatsOneShiftTableViewCell.swift; sourceTree = "<group>"; };
		752C0C7E20016F71007DE9BC /* StatsOneShiftTableViewCell.xib */ = {isa = PBXFileReference; lastKnownFileType = file.xib; path = StatsOneShiftTableViewCell.xib; sourceTree = "<group>"; };
		752C0C812001713E007DE9BC /* StatsAccumaltedPerGameTableViewCell.swift */ = {isa = PBXFileReference; lastKnownFileType = sourcecode.swift; path = StatsAccumaltedPerGameTableViewCell.swift; sourceTree = "<group>"; };
		752C0C822001713E007DE9BC /* StatsAccumaltedPerGameTableViewCell.xib */ = {isa = PBXFileReference; lastKnownFileType = file.xib; path = StatsAccumaltedPerGameTableViewCell.xib; sourceTree = "<group>"; };
		7539FC841FD4458C009E6CB4 /* Delegates.swift */ = {isa = PBXFileReference; lastKnownFileType = sourcecode.swift; path = Delegates.swift; sourceTree = "<group>"; };
		7539FC881FD4CBB4009E6CB4 /* GoFetch.swift */ = {isa = PBXFileReference; lastKnownFileType = sourcecode.swift; path = GoFetch.swift; sourceTree = "<group>"; };
		7539FC8A1FD6D336009E6CB4 /* ImportPlayers.swift */ = {isa = PBXFileReference; lastKnownFileType = sourcecode.swift; path = ImportPlayers.swift; sourceTree = "<group>"; };
		7539FC8C1FD6D7B8009E6CB4 /* IsAppAlreadyLaunchedOnce.swift */ = {isa = PBXFileReference; lastKnownFileType = sourcecode.swift; path = IsAppAlreadyLaunchedOnce.swift; sourceTree = "<group>"; };
		7539FC8F1FD6EADF009E6CB4 /* RoundedImage.swift */ = {isa = PBXFileReference; lastKnownFileType = sourcecode.swift; path = RoundedImage.swift; sourceTree = "<group>"; };
		753C215B1FDAD920005DC7F4 /* ShowPopover.swift */ = {isa = PBXFileReference; lastKnownFileType = sourcecode.swift; path = ShowPopover.swift; sourceTree = "<group>"; };
		753C215D1FDADB05005DC7F4 /* NoPlayerPopoverViewController.swift */ = {isa = PBXFileReference; lastKnownFileType = sourcecode.swift; path = NoPlayerPopoverViewController.swift; sourceTree = "<group>"; };
		75451F85200810AA00831A08 /* PeriodPicker.swift */ = {isa = PBXFileReference; lastKnownFileType = sourcecode.swift; path = PeriodPicker.swift; sourceTree = "<group>"; };
		75451F872008130100831A08 /* PeriodPopoverViewController.swift */ = {isa = PBXFileReference; lastKnownFileType = sourcecode.swift; path = PeriodPopoverViewController.swift; sourceTree = "<group>"; };
		75451F8A20081E7300831A08 /* ButtonImagesForState.swift */ = {isa = PBXFileReference; lastKnownFileType = sourcecode.swift; path = ButtonImagesForState.swift; sourceTree = "<group>"; };
		7552579F1FFA8FBF0063B646 /* Reset.swift */ = {isa = PBXFileReference; lastKnownFileType = sourcecode.swift; path = Reset.swift; sourceTree = "<group>"; };
		7553BF161FFD748B005C2CDC /* Camera.swift */ = {isa = PBXFileReference; lastKnownFileType = sourcecode.swift; path = Camera.swift; sourceTree = "<group>"; };
		7557A6CC200B9DA100FCCD18 /* StatsTableViewHeaderFooterView.xib */ = {isa = PBXFileReference; lastKnownFileType = file.xib; path = StatsTableViewHeaderFooterView.xib; sourceTree = "<group>"; };
		7557A6CE200BA13800FCCD18 /* StatsTableViewHeaderFooterView.swift */ = {isa = PBXFileReference; lastKnownFileType = sourcecode.swift; path = StatsTableViewHeaderFooterView.swift; sourceTree = "<group>"; };
		755A7434200844F0000C5B19 /* Shifts+CoreDataClass.swift */ = {isa = PBXFileReference; lastKnownFileType = sourcecode.swift; path = "Shifts+CoreDataClass.swift"; sourceTree = "<group>"; };
		755A7435200844F0000C5B19 /* Shifts+CoreDataProperties.swift */ = {isa = PBXFileReference; lastKnownFileType = sourcecode.swift; path = "Shifts+CoreDataProperties.swift"; sourceTree = "<group>"; };
		756C7B8E1FEFF65F00DBF5CD /* Players+CoreDataClass.swift */ = {isa = PBXFileReference; lastKnownFileType = sourcecode.swift; path = "Players+CoreDataClass.swift"; sourceTree = "<group>"; };
		756C7B8F1FEFF65F00DBF5CD /* Players+CoreDataProperties.swift */ = {isa = PBXFileReference; lastKnownFileType = sourcecode.swift; path = "Players+CoreDataProperties.swift"; sourceTree = "<group>"; };
		75710CA31FD75E7800D04762 /* GameInformationTableViewController.swift */ = {isa = PBXFileReference; lastKnownFileType = sourcecode.swift; path = GameInformationTableViewController.swift; sourceTree = "<group>"; };
		75710CA51FD75E8700D04762 /* GameDetailsTableViewController.swift */ = {isa = PBXFileReference; lastKnownFileType = sourcecode.swift; path = GameDetailsTableViewController.swift; sourceTree = "<group>"; };
		7574B3CA1FC8CE7E00CF4214 /* Assets.xcassets */ = {isa = PBXFileReference; lastKnownFileType = folder.assetcatalog; path = Assets.xcassets; sourceTree = "<group>"; };
		75795AD01FC358F8006A52D7 /* PlayerDetailsTableViewController.swift */ = {isa = PBXFileReference; lastKnownFileType = sourcecode.swift; path = PlayerDetailsTableViewController.swift; sourceTree = "<group>"; };
		75795AD21FC37B6B006A52D7 /* Calculate.swift */ = {isa = PBXFileReference; lastKnownFileType = sourcecode.swift; path = Calculate.swift; sourceTree = "<group>"; };
		758D35FC1FD2EEB80038BBDB /* PlayerInformationTableViewCell.swift */ = {isa = PBXFileReference; lastKnownFileType = sourcecode.swift; path = PlayerInformationTableViewCell.swift; sourceTree = "<group>"; };
		758D35FD1FD2EEB80038BBDB /* PlayerInformationTableViewCell.xib */ = {isa = PBXFileReference; lastKnownFileType = file.xib; path = PlayerInformationTableViewCell.xib; sourceTree = "<group>"; };
		7591FC161FFFBC40001CAE70 /* StatsAccumulatedTableViewCell.swift */ = {isa = PBXFileReference; lastKnownFileType = sourcecode.swift; path = StatsAccumulatedTableViewCell.swift; sourceTree = "<group>"; };
		7591FC171FFFBC40001CAE70 /* StatsAccumulatedTableViewCell.xib */ = {isa = PBXFileReference; lastKnownFileType = file.xib; path = StatsAccumulatedTableViewCell.xib; sourceTree = "<group>"; };
		7591FC1A200000F4001CAE70 /* StatsChartTableViewCell.swift */ = {isa = PBXFileReference; lastKnownFileType = sourcecode.swift; path = StatsChartTableViewCell.swift; sourceTree = "<group>"; };
		7591FC1B200000F4001CAE70 /* StatsChartTableViewCell.xib */ = {isa = PBXFileReference; lastKnownFileType = file.xib; path = StatsChartTableViewCell.xib; sourceTree = "<group>"; };
		75A062C11FD96F3500EA626F /* PlayerPopoverTableViewController.swift */ = {isa = PBXFileReference; lastKnownFileType = sourcecode.swift; path = PlayerPopoverTableViewController.swift; sourceTree = "<group>"; };
		75A062C31FD9769800EA626F /* PlayerPopoverTableViewCell.swift */ = {isa = PBXFileReference; lastKnownFileType = sourcecode.swift; path = PlayerPopoverTableViewCell.swift; sourceTree = "<group>"; };
		75A062C41FD9769800EA626F /* PlayerPopoverTableViewCell.xib */ = {isa = PBXFileReference; lastKnownFileType = file.xib; path = PlayerPopoverTableViewCell.xib; sourceTree = "<group>"; };
		75A0C4B61FFBD746006DED1F /* StatsPerGameViewController.swift */ = {isa = PBXFileReference; lastKnownFileType = sourcecode.swift; path = StatsPerGameViewController.swift; sourceTree = "<group>"; };
		75BC88431FEB08DC00EFE077 /* Games+CoreDataClass.swift */ = {isa = PBXFileReference; lastKnownFileType = sourcecode.swift; path = "Games+CoreDataClass.swift"; sourceTree = "<group>"; };
		75BC88441FEB08DC00EFE077 /* Games+CoreDataProperties.swift */ = {isa = PBXFileReference; lastKnownFileType = sourcecode.swift; path = "Games+CoreDataProperties.swift"; sourceTree = "<group>"; };
		75D2F38D1FD868290089DC63 /* GameInformationTableViewCell.swift */ = {isa = PBXFileReference; lastKnownFileType = sourcecode.swift; path = GameInformationTableViewCell.swift; sourceTree = "<group>"; };
		75D2F38E1FD868290089DC63 /* GameInformationTableViewCell.xib */ = {isa = PBXFileReference; lastKnownFileType = file.xib; path = GameInformationTableViewCell.xib; sourceTree = "<group>"; };
		75D2F3911FD86B9C0089DC63 /* changeAppearance.swift */ = {isa = PBXFileReference; lastKnownFileType = sourcecode.swift; path = changeAppearance.swift; sourceTree = "<group>"; };
		75D2F3931FD874C20089DC63 /* ConvertDate.swift */ = {isa = PBXFileReference; lastKnownFileType = sourcecode.swift; path = ConvertDate.swift; sourceTree = "<group>"; };
		75D803A51FC8D6920084B97E /* PlayersOnIceTableViewCell.swift */ = {isa = PBXFileReference; lastKnownFileType = sourcecode.swift; path = PlayersOnIceTableViewCell.swift; sourceTree = "<group>"; };
		75D803A61FC8D6930084B97E /* PlayersOnIceTableViewCell.xib */ = {isa = PBXFileReference; lastKnownFileType = file.xib; path = PlayersOnIceTableViewCell.xib; sourceTree = "<group>"; };
		75DA91191FE55E5F00A10F10 /* NoGamesViewController.swift */ = {isa = PBXFileReference; lastKnownFileType = sourcecode.swift; path = NoGamesViewController.swift; sourceTree = "<group>"; };
		75DA911B1FE569B500A10F10 /* NoPlayersViewController.swift */ = {isa = PBXFileReference; lastKnownFileType = sourcecode.swift; path = NoPlayersViewController.swift; sourceTree = "<group>"; };
		75E304EF1FCC6AF30010C708 /* CreateAttributedString.swift */ = {isa = PBXFileReference; lastKnownFileType = sourcecode.swift; path = CreateAttributedString.swift; sourceTree = "<group>"; };
		75E304F11FCC96E50010C708 /* TimeFormat.swift */ = {isa = PBXFileReference; lastKnownFileType = sourcecode.swift; path = TimeFormat.swift; sourceTree = "<group>"; };
		75E333A61FD0E49A00408317 /* Model.xcdatamodel */ = {isa = PBXFileReference; lastKnownFileType = wrapper.xcdatamodel; path = Model.xcdatamodel; sourceTree = "<group>"; };
		75E56F172006805D002CCF3D /* ShiftDetailsTableViewCell.swift */ = {isa = PBXFileReference; lastKnownFileType = sourcecode.swift; path = ShiftDetailsTableViewCell.swift; sourceTree = "<group>"; };
		75E56F182006805D002CCF3D /* ShiftDetailsTableViewCell.xib */ = {isa = PBXFileReference; lastKnownFileType = file.xib; path = ShiftDetailsTableViewCell.xib; sourceTree = "<group>"; };
		75E9E8611FBE218900A51F89 /* PlayerInformationTableViewController.swift */ = {isa = PBXFileReference; lastKnownFileType = sourcecode.swift; path = PlayerInformationTableViewController.swift; sourceTree = "<group>"; };
		75F74CA41FFEABF10029FF42 /* BarEntry.swift */ = {isa = PBXFileReference; lastKnownFileType = sourcecode.swift; path = BarEntry.swift; sourceTree = "<group>"; };
		75F74CA61FFEAC590029FF42 /* BasicBarChart.swift */ = {isa = PBXFileReference; lastKnownFileType = sourcecode.swift; path = BasicBarChart.swift; sourceTree = "<group>"; };
		75F7EF331FD8BDBD002BD535 /* PlayerPicker.swift */ = {isa = PBXFileReference; lastKnownFileType = sourcecode.swift; path = PlayerPicker.swift; sourceTree = "<group>"; };
		75F7EF351FD8C03D002BD535 /* PlayerPopoverViewController.swift */ = {isa = PBXFileReference; lastKnownFileType = sourcecode.swift; path = PlayerPopoverViewController.swift; sourceTree = "<group>"; };
/* End PBXFileReference section */

/* Begin PBXFrameworksBuildPhase section */
		750FA2031FBCDCDA00A1D89A /* Frameworks */ = {
			isa = PBXFrameworksBuildPhase;
			buildActionMask = 2147483647;
			files = (
			);
			runOnlyForDeploymentPostprocessing = 0;
		};
/* End PBXFrameworksBuildPhase section */

/* Begin PBXGroup section */
		7501B7B61FD88D370072D7AE /* Main */ = {
			isa = PBXGroup;
			children = (
				750FA21B1FBCDE7B00A1D89A /* HomeViewController.swift */,
				75D803A51FC8D6920084B97E /* PlayersOnIceTableViewCell.swift */,
				75D803A61FC8D6930084B97E /* PlayersOnIceTableViewCell.xib */,
				751022F41FC61DD7000009EC /* BenchCollectionViewCell.swift */,
				751022F51FC61DD7000009EC /* BenchCollectionViewCell.xib */,
				75A062C11FD96F3500EA626F /* PlayerPopoverTableViewController.swift */,
				75A062C31FD9769800EA626F /* PlayerPopoverTableViewCell.swift */,
				75A062C41FD9769800EA626F /* PlayerPopoverTableViewCell.xib */,
				753C215D1FDADB05005DC7F4 /* NoPlayerPopoverViewController.swift */,
				7503883C1FDECBE20086073D /* GamePopoverTableViewController.swift */,
				750388401FDECDA10086073D /* GamePopoverTableViewCell.swift */,
				750388411FDECDA10086073D /* GamePopoverTableViewCell.xib */,
				750388441FDEE6F90086073D /* NoGamePopoverViewController.swift */,
			);
			path = Main;
			sourceTree = "<group>";
		};
		750FA1FD1FBCDCDA00A1D89A = {
			isa = PBXGroup;
			children = (
				75451F8A20081E7300831A08 /* ButtonImagesForState.swift */,
				75451F872008130100831A08 /* PeriodPopoverViewController.swift */,
				75F74CA31FFEA2D20029FF42 /* BarChart */,
				755257981FF14E9A0063B646 /* Stats */,
				75E333A81FD0E4AB00408317 /* CoreData */,
				75710CA21FD75E5B00D04762 /* Games */,
				7539FC831FD4455A009E6CB4 /* Delegate */,
				75292F1A1FD1F38F00CE5DCC /* PopoverViewController.swift */,
				75F7EF351FD8C03D002BD535 /* PlayerPopoverViewController.swift */,
				750FA2151FBCDCDA00A1D89A /* Info.plist */,
				75F977F71FC4CA41006506A4 /* Classes */,
				7501B7B61FD88D370072D7AE /* Main */,
				75F977F81FC4CA4D006506A4 /* Storyboard */,
				75E9E8651FBE21A200A51F89 /* Players */,
				750FA2071FBCDCDA00A1D89A /* Products */,
			);
			sourceTree = "<group>";
		};
		750FA2071FBCDCDA00A1D89A /* Products */ = {
			isa = PBXGroup;
			children = (
				750FA2061FBCDCDA00A1D89A /* Time on Ice.app */,
			);
			name = Products;
			sourceTree = "<group>";
		};
		7539FC831FD4455A009E6CB4 /* Delegate */ = {
			isa = PBXGroup;
			children = (
				750FA2091FBCDCDA00A1D89A /* AppDelegate.swift */,
				7539FC841FD4458C009E6CB4 /* Delegates.swift */,
			);
			path = Delegate;
			sourceTree = "<group>";
		};
		755257981FF14E9A0063B646 /* Stats */ = {
			isa = PBXGroup;
			children = (
				75A0C4B61FFBD746006DED1F /* StatsPerGameViewController.swift */,
				7557A6CC200B9DA100FCCD18 /* StatsTableViewHeaderFooterView.xib */,
				7557A6CE200BA13800FCCD18 /* StatsTableViewHeaderFooterView.swift */,
				7591FC1E2000025E001CAE70 /* Cells */,
			);
			path = Stats;
			sourceTree = "<group>";
		};
		75710CA21FD75E5B00D04762 /* Games */ = {
			isa = PBXGroup;
			children = (
				75710CA31FD75E7800D04762 /* GameInformationTableViewController.swift */,
				75710CA51FD75E8700D04762 /* GameDetailsTableViewController.swift */,
				75D2F38D1FD868290089DC63 /* GameInformationTableViewCell.swift */,
				75D2F38E1FD868290089DC63 /* GameInformationTableViewCell.xib */,
				75DA91191FE55E5F00A10F10 /* NoGamesViewController.swift */,
			);
			path = Games;
			sourceTree = "<group>";
		};
		7591FC1E2000025E001CAE70 /* Cells */ = {
			isa = PBXGroup;
			children = (
				7591FC161FFFBC40001CAE70 /* StatsAccumulatedTableViewCell.swift */,
				7591FC171FFFBC40001CAE70 /* StatsAccumulatedTableViewCell.xib */,
				7591FC1A200000F4001CAE70 /* StatsChartTableViewCell.swift */,
				7591FC1B200000F4001CAE70 /* StatsChartTableViewCell.xib */,
				752C0C7D20016F71007DE9BC /* StatsOneShiftTableViewCell.swift */,
				752C0C7E20016F71007DE9BC /* StatsOneShiftTableViewCell.xib */,
				752C0C812001713E007DE9BC /* StatsAccumaltedPerGameTableViewCell.swift */,
				752C0C822001713E007DE9BC /* StatsAccumaltedPerGameTableViewCell.xib */,
				75E56F172006805D002CCF3D /* ShiftDetailsTableViewCell.swift */,
				75E56F182006805D002CCF3D /* ShiftDetailsTableViewCell.xib */,
			);
			path = Cells;
			sourceTree = "<group>";
		};
		75E333A81FD0E4AB00408317 /* CoreData */ = {
			isa = PBXGroup;
			children = (
				755A7434200844F0000C5B19 /* Shifts+CoreDataClass.swift */,
				755A7435200844F0000C5B19 /* Shifts+CoreDataProperties.swift */,
				756C7B8E1FEFF65F00DBF5CD /* Players+CoreDataClass.swift */,
				756C7B8F1FEFF65F00DBF5CD /* Players+CoreDataProperties.swift */,
				75BC88431FEB08DC00EFE077 /* Games+CoreDataClass.swift */,
				75BC88441FEB08DC00EFE077 /* Games+CoreDataProperties.swift */,
				75E333A51FD0E49A00408317 /* Time On Ice.xcdatamodeld */,
				75292ECE1FD196FB00CE5DCC /* CoreDataStack.swift */,
			);
			path = CoreData;
			sourceTree = "<group>";
		};
		75E9E8651FBE21A200A51F89 /* Players */ = {
			isa = PBXGroup;
			children = (
				75E9E8611FBE218900A51F89 /* PlayerInformationTableViewController.swift */,
				75795AD01FC358F8006A52D7 /* PlayerDetailsTableViewController.swift */,
				758D35FC1FD2EEB80038BBDB /* PlayerInformationTableViewCell.swift */,
				758D35FD1FD2EEB80038BBDB /* PlayerInformationTableViewCell.xib */,
				75DA911B1FE569B500A10F10 /* NoPlayersViewController.swift */,
			);
			path = Players;
			sourceTree = "<group>";
		};
		75F74CA31FFEA2D20029FF42 /* BarChart */ = {
			isa = PBXGroup;
			children = (
				75F74CA41FFEABF10029FF42 /* BarEntry.swift */,
				75F74CA61FFEAC590029FF42 /* BasicBarChart.swift */,
				7518A0301FFEC7A50092278F /* CurveAlgorithm.swift */,
				7518A0321FFEC7E60092278F /* LineChart.swift */,
			);
			path = BarChart;
			sourceTree = "<group>";
		};
		75F977F71FC4CA41006506A4 /* Classes */ = {
			isa = PBXGroup;
			children = (
				75795AD21FC37B6B006A52D7 /* Calculate.swift */,
				75E304EF1FCC6AF30010C708 /* CreateAttributedString.swift */,
				75E304F11FCC96E50010C708 /* TimeFormat.swift */,
				75292F181FD1EE7F00CE5DCC /* Picker.swift */,
				75F7EF331FD8BDBD002BD535 /* PlayerPicker.swift */,
				7539FC881FD4CBB4009E6CB4 /* GoFetch.swift */,
				7539FC8A1FD6D336009E6CB4 /* ImportPlayers.swift */,
				750388381FDDD4270086073D /* ImportGames.swift */,
				751768022006F88500720242 /* ImportShifts.swift */,
				7539FC8C1FD6D7B8009E6CB4 /* IsAppAlreadyLaunchedOnce.swift */,
				7539FC8F1FD6EADF009E6CB4 /* RoundedImage.swift */,
				75D2F3911FD86B9C0089DC63 /* changeAppearance.swift */,
				75D2F3931FD874C20089DC63 /* ConvertDate.swift */,
				753C215B1FDAD920005DC7F4 /* ShowPopover.swift */,
				7552579F1FFA8FBF0063B646 /* Reset.swift */,
				7553BF161FFD748B005C2CDC /* Camera.swift */,
				75451F85200810AA00831A08 /* PeriodPicker.swift */,
			);
			path = Classes;
			sourceTree = "<group>";
		};
		75F977F81FC4CA4D006506A4 /* Storyboard */ = {
			isa = PBXGroup;
			children = (
				7574B3CA1FC8CE7E00CF4214 /* Assets.xcassets */,
				750FA20D1FBCDCDA00A1D89A /* Main.storyboard */,
				750FA2121FBCDCDA00A1D89A /* LaunchScreen.storyboard */,
			);
			path = Storyboard;
			sourceTree = "<group>";
		};
/* End PBXGroup section */

/* Begin PBXNativeTarget section */
		750FA2051FBCDCDA00A1D89A /* Time on Ice */ = {
			isa = PBXNativeTarget;
			buildConfigurationList = 750FA2181FBCDCDA00A1D89A /* Build configuration list for PBXNativeTarget "Time on Ice" */;
			buildPhases = (
				750FA2021FBCDCDA00A1D89A /* Sources */,
				750FA2031FBCDCDA00A1D89A /* Frameworks */,
				750FA2041FBCDCDA00A1D89A /* Resources */,
			);
			buildRules = (
			);
			dependencies = (
			);
			name = "Time on Ice";
			productName = "Time on Ice";
			productReference = 750FA2061FBCDCDA00A1D89A /* Time on Ice.app */;
			productType = "com.apple.product-type.application";
		};
/* End PBXNativeTarget section */

/* Begin PBXProject section */
		750FA1FE1FBCDCDA00A1D89A /* Project object */ = {
			isa = PBXProject;
			attributes = {
				LastSwiftUpdateCheck = 0910;
				LastUpgradeCheck = 0910;
				ORGANIZATIONNAME = "Surette, Paul";
				TargetAttributes = {
					750FA2051FBCDCDA00A1D89A = {
						CreatedOnToolsVersion = 9.1;
						ProvisioningStyle = Automatic;
					};
				};
			};
			buildConfigurationList = 750FA2011FBCDCDA00A1D89A /* Build configuration list for PBXProject "Time on Ice" */;
			compatibilityVersion = "Xcode 8.0";
			developmentRegion = en;
			hasScannedForEncodings = 0;
			knownRegions = (
				en,
				Base,
			);
			mainGroup = 750FA1FD1FBCDCDA00A1D89A;
			productRefGroup = 750FA2071FBCDCDA00A1D89A /* Products */;
			projectDirPath = "";
			projectRoot = "";
			targets = (
				750FA2051FBCDCDA00A1D89A /* Time on Ice */,
			);
		};
/* End PBXProject section */

/* Begin PBXResourcesBuildPhase section */
		750FA2041FBCDCDA00A1D89A /* Resources */ = {
			isa = PBXResourcesBuildPhase;
			buildActionMask = 2147483647;
			files = (
				7557A6CD200B9DA100FCCD18 /* StatsTableViewHeaderFooterView.xib in Resources */,
				7591FC1D200000F4001CAE70 /* StatsChartTableViewCell.xib in Resources */,
				758D35FF1FD2EEB80038BBDB /* PlayerInformationTableViewCell.xib in Resources */,
				7591FC191FFFBC40001CAE70 /* StatsAccumulatedTableViewCell.xib in Resources */,
				750FA2141FBCDCDA00A1D89A /* LaunchScreen.storyboard in Resources */,
				752C0C8020016F71007DE9BC /* StatsOneShiftTableViewCell.xib in Resources */,
				751022F71FC61DD7000009EC /* BenchCollectionViewCell.xib in Resources */,
				75A062C61FD9769800EA626F /* PlayerPopoverTableViewCell.xib in Resources */,
				75D2F3901FD868290089DC63 /* GameInformationTableViewCell.xib in Resources */,
				750388431FDECDA10086073D /* GamePopoverTableViewCell.xib in Resources */,
				750FA20F1FBCDCDA00A1D89A /* Main.storyboard in Resources */,
				7574B3CB1FC8CE7E00CF4214 /* Assets.xcassets in Resources */,
				75E56F1A2006805D002CCF3D /* ShiftDetailsTableViewCell.xib in Resources */,
				752C0C842001713E007DE9BC /* StatsAccumaltedPerGameTableViewCell.xib in Resources */,
				75D803A81FC8D6930084B97E /* PlayersOnIceTableViewCell.xib in Resources */,
			);
			runOnlyForDeploymentPostprocessing = 0;
		};
/* End PBXResourcesBuildPhase section */

/* Begin PBXSourcesBuildPhase section */
		750FA2021FBCDCDA00A1D89A /* Sources */ = {
			isa = PBXSourcesBuildPhase;
			buildActionMask = 2147483647;
			files = (
				75710CA41FD75E7800D04762 /* GameInformationTableViewController.swift in Sources */,
				750388421FDECDA10086073D /* GamePopoverTableViewCell.swift in Sources */,
				75F7EF361FD8C03D002BD535 /* PlayerPopoverViewController.swift in Sources */,
				750FA20A1FBCDCDA00A1D89A /* AppDelegate.swift in Sources */,
				75E9E8621FBE218900A51F89 /* PlayerInformationTableViewController.swift in Sources */,
				7557A6CF200BA13800FCCD18 /* StatsTableViewHeaderFooterView.swift in Sources */,
				75795AD11FC358F8006A52D7 /* PlayerDetailsTableViewController.swift in Sources */,
				7518A0331FFEC7E60092278F /* LineChart.swift in Sources */,
				756C7B911FEFF65F00DBF5CD /* Players+CoreDataProperties.swift in Sources */,
				75292ECF1FD196FB00CE5DCC /* CoreDataStack.swift in Sources */,
				7591FC181FFFBC40001CAE70 /* StatsAccumulatedTableViewCell.swift in Sources */,
				75A062C51FD9769800EA626F /* PlayerPopoverTableViewCell.swift in Sources */,
				75F7EF341FD8BDBD002BD535 /* PlayerPicker.swift in Sources */,
				750388391FDDD4270086073D /* ImportGames.swift in Sources */,
				755A7436200844F0000C5B19 /* Shifts+CoreDataClass.swift in Sources */,
				75E304F21FCC96E50010C708 /* TimeFormat.swift in Sources */,
				75451F86200810AA00831A08 /* PeriodPicker.swift in Sources */,
				75BC884B1FEB08DC00EFE077 /* Games+CoreDataClass.swift in Sources */,
				75D2F3941FD874C20089DC63 /* ConvertDate.swift in Sources */,
				752C0C7F20016F71007DE9BC /* StatsOneShiftTableViewCell.swift in Sources */,
				7539FC901FD6EADF009E6CB4 /* RoundedImage.swift in Sources */,
				755A7437200844F0000C5B19 /* Shifts+CoreDataProperties.swift in Sources */,
				756C7B901FEFF65F00DBF5CD /* Players+CoreDataClass.swift in Sources */,
				7518A0311FFEC7A50092278F /* CurveAlgorithm.swift in Sources */,
				75D803A71FC8D6930084B97E /* PlayersOnIceTableViewCell.swift in Sources */,
				75710CA61FD75E8700D04762 /* GameDetailsTableViewController.swift in Sources */,
				75795AD31FC37B6B006A52D7 /* Calculate.swift in Sources */,
				75E304F01FCC6AF30010C708 /* CreateAttributedString.swift in Sources */,
				7539FC891FD4CBB4009E6CB4 /* GoFetch.swift in Sources */,
				75DA911A1FE55E5F00A10F10 /* NoGamesViewController.swift in Sources */,
				7539FC8D1FD6D7B8009E6CB4 /* IsAppAlreadyLaunchedOnce.swift in Sources */,
				758D35FE1FD2EEB80038BBDB /* PlayerInformationTableViewCell.swift in Sources */,
				75292F191FD1EE7F00CE5DCC /* Picker.swift in Sources */,
				75BC884C1FEB08DC00EFE077 /* Games+CoreDataProperties.swift in Sources */,
				75292F1B1FD1F38F00CE5DCC /* PopoverViewController.swift in Sources */,
				75F74CA51FFEABF10029FF42 /* BarEntry.swift in Sources */,
				755257A01FFA8FBF0063B646 /* Reset.swift in Sources */,
				7591FC1C200000F4001CAE70 /* StatsChartTableViewCell.swift in Sources */,
				750FA21C1FBCDE7B00A1D89A /* HomeViewController.swift in Sources */,
				75E56F192006805D002CCF3D /* ShiftDetailsTableViewCell.swift in Sources */,
				7553BF171FFD748B005C2CDC /* Camera.swift in Sources */,
				75A062C21FD96F3500EA626F /* PlayerPopoverTableViewController.swift in Sources */,
				75451F8B20081E7300831A08 /* ButtonImagesForState.swift in Sources */,
				7503883D1FDECBE20086073D /* GamePopoverTableViewController.swift in Sources */,
				75A0C4B71FFBD746006DED1F /* StatsPerGameViewController.swift in Sources */,
				750388451FDEE6F90086073D /* NoGamePopoverViewController.swift in Sources */,
				75DA911C1FE569B500A10F10 /* NoPlayersViewController.swift in Sources */,
				7539FC8B1FD6D336009E6CB4 /* ImportPlayers.swift in Sources */,
				75451F882008130100831A08 /* PeriodPopoverViewController.swift in Sources */,
				751022F61FC61DD7000009EC /* BenchCollectionViewCell.swift in Sources */,
				753C215C1FDAD920005DC7F4 /* ShowPopover.swift in Sources */,
				7539FC851FD4458C009E6CB4 /* Delegates.swift in Sources */,
				753C215E1FDADB05005DC7F4 /* NoPlayerPopoverViewController.swift in Sources */,
				752C0C832001713E007DE9BC /* StatsAccumaltedPerGameTableViewCell.swift in Sources */,
				75D2F38F1FD868290089DC63 /* GameInformationTableViewCell.swift in Sources */,
				751768032006F88500720242 /* ImportShifts.swift in Sources */,
				75E333A71FD0E49A00408317 /* Time On Ice.xcdatamodeld in Sources */,
				75F74CA71FFEAC590029FF42 /* BasicBarChart.swift in Sources */,
				75D2F3921FD86B9C0089DC63 /* changeAppearance.swift in Sources */,
			);
			runOnlyForDeploymentPostprocessing = 0;
		};
/* End PBXSourcesBuildPhase section */

/* Begin PBXVariantGroup section */
		750FA20D1FBCDCDA00A1D89A /* Main.storyboard */ = {
			isa = PBXVariantGroup;
			children = (
				750FA20E1FBCDCDA00A1D89A /* Base */,
			);
			name = Main.storyboard;
			sourceTree = "<group>";
		};
		750FA2121FBCDCDA00A1D89A /* LaunchScreen.storyboard */ = {
			isa = PBXVariantGroup;
			children = (
				750FA2131FBCDCDA00A1D89A /* Base */,
			);
			name = LaunchScreen.storyboard;
			sourceTree = "<group>";
		};
/* End PBXVariantGroup section */

/* Begin XCBuildConfiguration section */
		750FA2161FBCDCDA00A1D89A /* Debug */ = {
			isa = XCBuildConfiguration;
			buildSettings = {
				ALWAYS_SEARCH_USER_PATHS = NO;
				CLANG_ANALYZER_NONNULL = YES;
				CLANG_ANALYZER_NUMBER_OBJECT_CONVERSION = YES_AGGRESSIVE;
				CLANG_CXX_LANGUAGE_STANDARD = "gnu++14";
				CLANG_CXX_LIBRARY = "libc++";
				CLANG_ENABLE_MODULES = YES;
				CLANG_ENABLE_OBJC_ARC = YES;
				CLANG_WARN_BLOCK_CAPTURE_AUTORELEASING = YES;
				CLANG_WARN_BOOL_CONVERSION = YES;
				CLANG_WARN_COMMA = YES;
				CLANG_WARN_CONSTANT_CONVERSION = YES;
				CLANG_WARN_DIRECT_OBJC_ISA_USAGE = YES_ERROR;
				CLANG_WARN_DOCUMENTATION_COMMENTS = YES;
				CLANG_WARN_EMPTY_BODY = YES;
				CLANG_WARN_ENUM_CONVERSION = YES;
				CLANG_WARN_INFINITE_RECURSION = YES;
				CLANG_WARN_INT_CONVERSION = YES;
				CLANG_WARN_NON_LITERAL_NULL_CONVERSION = YES;
				CLANG_WARN_OBJC_LITERAL_CONVERSION = YES;
				CLANG_WARN_OBJC_ROOT_CLASS = YES_ERROR;
				CLANG_WARN_RANGE_LOOP_ANALYSIS = YES;
				CLANG_WARN_STRICT_PROTOTYPES = YES;
				CLANG_WARN_SUSPICIOUS_MOVE = YES;
				CLANG_WARN_UNGUARDED_AVAILABILITY = YES_AGGRESSIVE;
				CLANG_WARN_UNREACHABLE_CODE = YES;
				CLANG_WARN__DUPLICATE_METHOD_MATCH = YES;
				CODE_SIGN_IDENTITY = "iPhone Developer";
				COPY_PHASE_STRIP = NO;
				DEBUG_INFORMATION_FORMAT = dwarf;
				ENABLE_STRICT_OBJC_MSGSEND = YES;
				ENABLE_TESTABILITY = YES;
				GCC_C_LANGUAGE_STANDARD = gnu11;
				GCC_DYNAMIC_NO_PIC = NO;
				GCC_NO_COMMON_BLOCKS = YES;
				GCC_OPTIMIZATION_LEVEL = 0;
				GCC_PREPROCESSOR_DEFINITIONS = (
					"DEBUG=1",
					"$(inherited)",
				);
				GCC_WARN_64_TO_32_BIT_CONVERSION = YES;
				GCC_WARN_ABOUT_RETURN_TYPE = YES_ERROR;
				GCC_WARN_UNDECLARED_SELECTOR = YES;
				GCC_WARN_UNINITIALIZED_AUTOS = YES_AGGRESSIVE;
				GCC_WARN_UNUSED_FUNCTION = YES;
				GCC_WARN_UNUSED_VARIABLE = YES;
				IPHONEOS_DEPLOYMENT_TARGET = 11.1;
				MTL_ENABLE_DEBUG_INFO = YES;
				ONLY_ACTIVE_ARCH = YES;
				SDKROOT = iphoneos;
				SWIFT_ACTIVE_COMPILATION_CONDITIONS = DEBUG;
				SWIFT_OPTIMIZATION_LEVEL = "-Onone";
			};
			name = Debug;
		};
		750FA2171FBCDCDA00A1D89A /* Release */ = {
			isa = XCBuildConfiguration;
			buildSettings = {
				ALWAYS_SEARCH_USER_PATHS = NO;
				CLANG_ANALYZER_NONNULL = YES;
				CLANG_ANALYZER_NUMBER_OBJECT_CONVERSION = YES_AGGRESSIVE;
				CLANG_CXX_LANGUAGE_STANDARD = "gnu++14";
				CLANG_CXX_LIBRARY = "libc++";
				CLANG_ENABLE_MODULES = YES;
				CLANG_ENABLE_OBJC_ARC = YES;
				CLANG_WARN_BLOCK_CAPTURE_AUTORELEASING = YES;
				CLANG_WARN_BOOL_CONVERSION = YES;
				CLANG_WARN_COMMA = YES;
				CLANG_WARN_CONSTANT_CONVERSION = YES;
				CLANG_WARN_DIRECT_OBJC_ISA_USAGE = YES_ERROR;
				CLANG_WARN_DOCUMENTATION_COMMENTS = YES;
				CLANG_WARN_EMPTY_BODY = YES;
				CLANG_WARN_ENUM_CONVERSION = YES;
				CLANG_WARN_INFINITE_RECURSION = YES;
				CLANG_WARN_INT_CONVERSION = YES;
				CLANG_WARN_NON_LITERAL_NULL_CONVERSION = YES;
				CLANG_WARN_OBJC_LITERAL_CONVERSION = YES;
				CLANG_WARN_OBJC_ROOT_CLASS = YES_ERROR;
				CLANG_WARN_RANGE_LOOP_ANALYSIS = YES;
				CLANG_WARN_STRICT_PROTOTYPES = YES;
				CLANG_WARN_SUSPICIOUS_MOVE = YES;
				CLANG_WARN_UNGUARDED_AVAILABILITY = YES_AGGRESSIVE;
				CLANG_WARN_UNREACHABLE_CODE = YES;
				CLANG_WARN__DUPLICATE_METHOD_MATCH = YES;
				CODE_SIGN_IDENTITY = "iPhone Developer";
				COPY_PHASE_STRIP = NO;
				DEBUG_INFORMATION_FORMAT = "dwarf-with-dsym";
				ENABLE_NS_ASSERTIONS = NO;
				ENABLE_STRICT_OBJC_MSGSEND = YES;
				GCC_C_LANGUAGE_STANDARD = gnu11;
				GCC_NO_COMMON_BLOCKS = YES;
				GCC_WARN_64_TO_32_BIT_CONVERSION = YES;
				GCC_WARN_ABOUT_RETURN_TYPE = YES_ERROR;
				GCC_WARN_UNDECLARED_SELECTOR = YES;
				GCC_WARN_UNINITIALIZED_AUTOS = YES_AGGRESSIVE;
				GCC_WARN_UNUSED_FUNCTION = YES;
				GCC_WARN_UNUSED_VARIABLE = YES;
				IPHONEOS_DEPLOYMENT_TARGET = 11.1;
				MTL_ENABLE_DEBUG_INFO = NO;
				SDKROOT = iphoneos;
				SWIFT_OPTIMIZATION_LEVEL = "-Owholemodule";
				VALIDATE_PRODUCT = YES;
			};
			name = Release;
		};
		750FA2191FBCDCDA00A1D89A /* Debug */ = {
			isa = XCBuildConfiguration;
			buildSettings = {
				ASSETCATALOG_COMPILER_APPICON_NAME = AppIcon;
				CODE_SIGN_STYLE = Automatic;
				DEVELOPMENT_TEAM = 28DUX73466;
				INFOPLIST_FILE = "$(SRCROOT)/Info.plist";
				IPHONEOS_DEPLOYMENT_TARGET = 11.2;
				LD_RUNPATH_SEARCH_PATHS = "$(inherited) @executable_path/Frameworks";
				PRODUCT_BUNDLE_IDENTIFIER = "com.paulsurette.Time-on-Ice";
				PRODUCT_NAME = "$(TARGET_NAME)";
				SWIFT_VERSION = 4.0;
				TARGETED_DEVICE_FAMILY = 1;
			};
			name = Debug;
		};
		750FA21A1FBCDCDA00A1D89A /* Release */ = {
			isa = XCBuildConfiguration;
			buildSettings = {
				ASSETCATALOG_COMPILER_APPICON_NAME = AppIcon;
				CODE_SIGN_STYLE = Automatic;
				DEVELOPMENT_TEAM = 28DUX73466;
				INFOPLIST_FILE = "$(SRCROOT)/Info.plist";
				IPHONEOS_DEPLOYMENT_TARGET = 11.2;
				LD_RUNPATH_SEARCH_PATHS = "$(inherited) @executable_path/Frameworks";
				PRODUCT_BUNDLE_IDENTIFIER = "com.paulsurette.Time-on-Ice";
				PRODUCT_NAME = "$(TARGET_NAME)";
				SWIFT_VERSION = 4.0;
				TARGETED_DEVICE_FAMILY = 1;
			};
			name = Release;
		};
/* End XCBuildConfiguration section */

/* Begin XCConfigurationList section */
		750FA2011FBCDCDA00A1D89A /* Build configuration list for PBXProject "Time on Ice" */ = {
			isa = XCConfigurationList;
			buildConfigurations = (
				750FA2161FBCDCDA00A1D89A /* Debug */,
				750FA2171FBCDCDA00A1D89A /* Release */,
			);
			defaultConfigurationIsVisible = 0;
			defaultConfigurationName = Release;
		};
		750FA2181FBCDCDA00A1D89A /* Build configuration list for PBXNativeTarget "Time on Ice" */ = {
			isa = XCConfigurationList;
			buildConfigurations = (
				750FA2191FBCDCDA00A1D89A /* Debug */,
				750FA21A1FBCDCDA00A1D89A /* Release */,
			);
			defaultConfigurationIsVisible = 0;
			defaultConfigurationName = Release;
		};
/* End XCConfigurationList section */

/* Begin XCVersionGroup section */
		75E333A51FD0E49A00408317 /* Time On Ice.xcdatamodeld */ = {
			isa = XCVersionGroup;
			children = (
				75E333A61FD0E49A00408317 /* Model.xcdatamodel */,
			);
			currentVersion = 75E333A61FD0E49A00408317 /* Model.xcdatamodel */;
			path = "Time On Ice.xcdatamodeld";
			sourceTree = "<group>";
			versionGroupType = wrapper.xcdatamodel;
		};
/* End XCVersionGroup section */
	};
	rootObject = 750FA1FE1FBCDCDA00A1D89A /* Project object */;
}
